// !$*UTF8*$!
{
	archiveVersion = 1;
	classes = {
	};
	objectVersion = 46;
	objects = {

/* Begin PBXBuildFile section */
		885B590F1B2251A4001A5A41 /* AppDelegate.swift in Sources */ = {isa = PBXBuildFile; fileRef = 885B590E1B2251A4001A5A41 /* AppDelegate.swift */; };
		885B59111B2251A4001A5A41 /* ViewController.swift in Sources */ = {isa = PBXBuildFile; fileRef = 885B59101B2251A4001A5A41 /* ViewController.swift */; };
		885B59141B2251A4001A5A41 /* Main.storyboard in Resources */ = {isa = PBXBuildFile; fileRef = 885B59121B2251A4001A5A41 /* Main.storyboard */; };
		885B59161B2251A4001A5A41 /* Images.xcassets in Resources */ = {isa = PBXBuildFile; fileRef = 885B59151B2251A4001A5A41 /* Images.xcassets */; };
		885B59191B2251A4001A5A41 /* LaunchScreen.xib in Resources */ = {isa = PBXBuildFile; fileRef = 885B59171B2251A4001A5A41 /* LaunchScreen.xib */; };
		885B59251B2251A4001A5A41 /* HungrillaTests.swift in Sources */ = {isa = PBXBuildFile; fileRef = 885B59241B2251A4001A5A41 /* HungrillaTests.swift */; };
/* End PBXBuildFile section */

/* Begin PBXContainerItemProxy section */
		885B591F1B2251A4001A5A41 /* PBXContainerItemProxy */ = {
			isa = PBXContainerItemProxy;
			containerPortal = 885B59011B2251A4001A5A41 /* Project object */;
			proxyType = 1;
			remoteGlobalIDString = 885B59081B2251A4001A5A41;
			remoteInfo = Hungrilla;
		};
/* End PBXContainerItemProxy section */

/* Begin PBXFileReference section */
		885B59091B2251A4001A5A41 /* Hungrilla.app */ = {isa = PBXFileReference; explicitFileType = wrapper.application; includeInIndex = 0; path = Hungrilla.app; sourceTree = BUILT_PRODUCTS_DIR; };
		885B590D1B2251A4001A5A41 /* Info.plist */ = {isa = PBXFileReference; lastKnownFileType = text.plist.xml; path = Info.plist; sourceTree = "<group>"; };
		885B590E1B2251A4001A5A41 /* AppDelegate.swift */ = {isa = PBXFileReference; lastKnownFileType = sourcecode.swift; path = AppDelegate.swift; sourceTree = "<group>"; };
		885B59101B2251A4001A5A41 /* ViewController.swift */ = {isa = PBXFileReference; lastKnownFileType = sourcecode.swift; path = ViewController.swift; sourceTree = "<group>"; };
		885B59131B2251A4001A5A41 /* Base */ = {isa = PBXFileReference; lastKnownFileType = file.storyboard; name = Base; path = Base.lproj/Main.storyboard; sourceTree = "<group>"; };
		885B59151B2251A4001A5A41 /* Images.xcassets */ = {isa = PBXFileReference; lastKnownFileType = folder.assetcatalog; path = Images.xcassets; sourceTree = "<group>"; };
		885B59181B2251A4001A5A41 /* Base */ = {isa = PBXFileReference; lastKnownFileType = file.xib; name = Base; path = Base.lproj/LaunchScreen.xib; sourceTree = "<group>"; };
		885B591E1B2251A4001A5A41 /* HungrillaTests.xctest */ = {isa = PBXFileReference; explicitFileType = wrapper.cfbundle; includeInIndex = 0; path = HungrillaTests.xctest; sourceTree = BUILT_PRODUCTS_DIR; };
		885B59231B2251A4001A5A41 /* Info.plist */ = {isa = PBXFileReference; lastKnownFileType = text.plist.xml; path = Info.plist; sourceTree = "<group>"; };
		885B59241B2251A4001A5A41 /* HungrillaTests.swift */ = {isa = PBXFileReference; lastKnownFileType = sourcecode.swift; path = HungrillaTests.swift; sourceTree = "<group>"; };
/* End PBXFileReference section */

/* Begin PBXFrameworksBuildPhase section */
		885B59061B2251A4001A5A41 /* Frameworks */ = {
			isa = PBXFrameworksBuildPhase;
			buildActionMask = 2147483647;
			files = (
			);
			runOnlyForDeploymentPostprocessing = 0;
		};
		885B591B1B2251A4001A5A41 /* Frameworks */ = {
			isa = PBXFrameworksBuildPhase;
			buildActionMask = 2147483647;
			files = (
			);
			runOnlyForDeploymentPostprocessing = 0;
		};
/* End PBXFrameworksBuildPhase section */

/* Begin PBXGroup section */
		885B59001B2251A4001A5A41 = {
			isa = PBXGroup;
			children = (
				885B590B1B2251A4001A5A41 /* Hungrilla */,
				885B59211B2251A4001A5A41 /* HungrillaTests */,
				885B590A1B2251A4001A5A41 /* Products */,
			);
			sourceTree = "<group>";
		};
		885B590A1B2251A4001A5A41 /* Products */ = {
			isa = PBXGroup;
			children = (
				885B59091B2251A4001A5A41 /* Hungrilla.app */,
				885B591E1B2251A4001A5A41 /* HungrillaTests.xctest */,
			);
			name = Products;
			sourceTree = "<group>";
		};
		885B590B1B2251A4001A5A41 /* Hungrilla */ = {
			isa = PBXGroup;
			children = (
				885B590E1B2251A4001A5A41 /* AppDelegate.swift */,
				885B59101B2251A4001A5A41 /* ViewController.swift */,
				885B59121B2251A4001A5A41 /* Main.storyboard */,
				885B59151B2251A4001A5A41 /* Images.xcassets */,
				885B59171B2251A4001A5A41 /* LaunchScreen.xib */,
				885B590C1B2251A4001A5A41 /* Supporting Files */,
			);
			path = Hungrilla;
			sourceTree = "<group>";
		};
		885B590C1B2251A4001A5A41 /* Supporting Files */ = {
			isa = PBXGroup;
			children = (
				885B590D1B2251A4001A5A41 /* Info.plist */,
			);
			name = "Supporting Files";
			sourceTree = "<group>";
		};
		885B59211B2251A4001A5A41 /* HungrillaTests */ = {
			isa = PBXGroup;
			children = (
				885B59241B2251A4001A5A41 /* HungrillaTests.swift */,
				885B59221B2251A4001A5A41 /* Supporting Files */,
			);
			path = HungrillaTests;
			sourceTree = "<group>";
		};
		885B59221B2251A4001A5A41 /* Supporting Files */ = {
			isa = PBXGroup;
			children = (
				885B59231B2251A4001A5A41 /* Info.plist */,
			);
			name = "Supporting Files";
			sourceTree = "<group>";
		};
/* End PBXGroup section */

/* Begin PBXNativeTarget section */
		885B59081B2251A4001A5A41 /* Hungrilla */ = {
			isa = PBXNativeTarget;
			buildConfigurationList = 885B59281B2251A4001A5A41 /* Build configuration list for PBXNativeTarget "Hungrilla" */;
			buildPhases = (
				885B59051B2251A4001A5A41 /* Sources */,
				885B59061B2251A4001A5A41 /* Frameworks */,
				885B59071B2251A4001A5A41 /* Resources */,
			);
			buildRules = (
			);
			dependencies = (
			);
			name = Hungrilla;
			productName = Hungrilla;
			productReference = 885B59091B2251A4001A5A41 /* Hungrilla.app */;
			productType = "com.apple.product-type.application";
		};
		885B591D1B2251A4001A5A41 /* HungrillaTests */ = {
			isa = PBXNativeTarget;
			buildConfigurationList = 885B592B1B2251A4001A5A41 /* Build configuration list for PBXNativeTarget "HungrillaTests" */;
			buildPhases = (
				885B591A1B2251A4001A5A41 /* Sources */,
				885B591B1B2251A4001A5A41 /* Frameworks */,
				885B591C1B2251A4001A5A41 /* Resources */,
			);
			buildRules = (
			);
			dependencies = (
				885B59201B2251A4001A5A41 /* PBXTargetDependency */,
			);
			name = HungrillaTests;
			productName = HungrillaTests;
			productReference = 885B591E1B2251A4001A5A41 /* HungrillaTests.xctest */;
			productType = "com.apple.product-type.bundle.unit-test";
		};
/* End PBXNativeTarget section */

/* Begin PBXProject section */
		885B59011B2251A4001A5A41 /* Project object */ = {
			isa = PBXProject;
			attributes = {
				LastUpgradeCheck = 0600;
				ORGANIZATIONNAME = "Umayr Shahid";
				TargetAttributes = {
					885B59081B2251A4001A5A41 = {
						CreatedOnToolsVersion = 6.0.1;
					};
					885B591D1B2251A4001A5A41 = {
						CreatedOnToolsVersion = 6.0.1;
						TestTargetID = 885B59081B2251A4001A5A41;
					};
				};
			};
			buildConfigurationList = 885B59041B2251A4001A5A41 /* Build configuration list for PBXProject "Hungrilla" */;
			compatibilityVersion = "Xcode 3.2";
			developmentRegion = English;
			hasScannedForEncodings = 0;
			knownRegions = (
				en,
				Base,
			);
			mainGroup = 885B59001B2251A4001A5A41;
			productRefGroup = 885B590A1B2251A4001A5A41 /* Products */;
			projectDirPath = "";
			projectRoot = "";
			targets = (
				885B59081B2251A4001A5A41 /* Hungrilla */,
				885B591D1B2251A4001A5A41 /* HungrillaTests */,
			);
		};
/* End PBXProject section */

/* Begin PBXResourcesBuildPhase section */
		885B59071B2251A4001A5A41 /* Resources */ = {
			isa = PBXResourcesBuildPhase;
			buildActionMask = 2147483647;
			files = (
				885B59141B2251A4001A5A41 /* Main.storyboard in Resources */,
				885B59191B2251A4001A5A41 /* LaunchScreen.xib in Resources */,
				885B59161B2251A4001A5A41 /* Images.xcassets in Resources */,
			);
			runOnlyForDeploymentPostprocessing = 0;
		};
		885B591C1B2251A4001A5A41 /* Resources */ = {
			isa = PBXResourcesBuildPhase;
			buildActionMask = 2147483647;
			files = (
			);
			runOnlyForDeploymentPostprocessing = 0;
		};
/* End PBXResourcesBuildPhase section */

/* Begin PBXSourcesBuildPhase section */
		885B59051B2251A4001A5A41 /* Sources */ = {
			isa = PBXSourcesBuildPhase;
			buildActionMask = 2147483647;
			files = (
				885B59111B2251A4001A5A41 /* ViewController.swift in Sources */,
				885B590F1B2251A4001A5A41 /* AppDelegate.swift in Sources */,
			);
			runOnlyForDeploymentPostprocessing = 0;
		};
		885B591A1B2251A4001A5A41 /* Sources */ = {
			isa = PBXSourcesBuildPhase;
			buildActionMask = 2147483647;
			files = (
				885B59251B2251A4001A5A41 /* HungrillaTests.swift in Sources */,
			);
			runOnlyForDeploymentPostprocessing = 0;
		};
/* End PBXSourcesBuildPhase section */

/* Begin PBXTargetDependency section */
		885B59201B2251A4001A5A41 /* PBXTargetDependency */ = {
			isa = PBXTargetDependency;
			target = 885B59081B2251A4001A5A41 /* Hungrilla */;
			targetProxy = 885B591F1B2251A4001A5A41 /* PBXContainerItemProxy */;
		};
/* End PBXTargetDependency section */

/* Begin PBXVariantGroup section */
		885B59121B2251A4001A5A41 /* Main.storyboard */ = {
			isa = PBXVariantGroup;
			children = (
				885B59131B2251A4001A5A41 /* Base */,
			);
			name = Main.storyboard;
			sourceTree = "<group>";
		};
		885B59171B2251A4001A5A41 /* LaunchScreen.xib */ = {
			isa = PBXVariantGroup;
			children = (
				885B59181B2251A4001A5A41 /* Base */,
			);
			name = LaunchScreen.xib;
			sourceTree = "<group>";
		};
/* End PBXVariantGroup section */

/* Begin XCBuildConfiguration section */
		885B59261B2251A4001A5A41 /* Debug */ = {
			isa = XCBuildConfiguration;
			buildSettings = {
				ALWAYS_SEARCH_USER_PATHS = NO;
				CLANG_CXX_LANGUAGE_STANDARD = "gnu++0x";
				CLANG_CXX_LIBRARY = "libc++";
				CLANG_ENABLE_MODULES = YES;
				CLANG_ENABLE_OBJC_ARC = YES;
				CLANG_WARN_BOOL_CONVERSION = YES;
				CLANG_WARN_CONSTANT_CONVERSION = YES;
				CLANG_WARN_DIRECT_OBJC_ISA_USAGE = YES_ERROR;
				CLANG_WARN_EMPTY_BODY = YES;
				CLANG_WARN_ENUM_CONVERSION = YES;
				CLANG_WARN_INT_CONVERSION = YES;
				CLANG_WARN_OBJC_ROOT_CLASS = YES_ERROR;
				CLANG_WARN_UNREACHABLE_CODE = YES;
				CLANG_WARN__DUPLICATE_METHOD_MATCH = YES;
				"CODE_SIGN_IDENTITY[sdk=iphoneos*]" = "iPhone Developer";
				COPY_PHASE_STRIP = NO;
				ENABLE_STRICT_OBJC_MSGSEND = YES;
				GCC_C_LANGUAGE_STANDARD = gnu99;
				GCC_DYNAMIC_NO_PIC = NO;
				GCC_OPTIMIZATION_LEVEL = 0;
				GCC_PREPROCESSOR_DEFINITIONS = (
					"DEBUG=1",
					"$(inherited)",
				);
				GCC_SYMBOLS_PRIVATE_EXTERN = NO;
				GCC_WARN_64_TO_32_BIT_CONVERSION = YES;
				GCC_WARN_ABOUT_RETURN_TYPE = YES_ERROR;
				GCC_WARN_UNDECLARED_SELECTOR = YES;
				GCC_WARN_UNINITIALIZED_AUTOS = YES_AGGRESSIVE;
				GCC_WARN_UNUSED_FUNCTION = YES;
				GCC_WARN_UNUSED_VARIABLE = YES;
				IPHONEOS_DEPLOYMENT_TARGET = 8.0;
				MTL_ENABLE_DEBUG_INFO = YES;
				ONLY_ACTIVE_ARCH = YES;
				SDKROOT = iphoneos;
				SWIFT_OPTIMIZATION_LEVEL = "-Onone";
			};
			name = Debug;
		};
		885B59271B2251A4001A5A41 /* Release */ = {
			isa = XCBuildConfiguration;
			buildSettings = {
				ALWAYS_SEARCH_USER_PATHS = NO;
				CLANG_CXX_LANGUAGE_STANDARD = "gnu++0x";
				CLANG_CXX_LIBRARY = "libc++";
				CLANG_ENABLE_MODULES = YES;
				CLANG_ENABLE_OBJC_ARC = YES;
				CLANG_WARN_BOOL_CONVERSION = YES;
				CLANG_WARN_CONSTANT_CONVERSION = YES;
				CLANG_WARN_DIRECT_OBJC_ISA_USAGE = YES_ERROR;
				CLANG_WARN_EMPTY_BODY = YES;
				CLANG_WARN_ENUM_CONVERSION = YES;
				CLANG_WARN_INT_CONVERSION = YES;
				CLANG_WARN_OBJC_ROOT_CLASS = YES_ERROR;
				CLANG_WARN_UNREACHABLE_CODE = YES;
				CLANG_WARN__DUPLICATE_METHOD_MATCH = YES;
				"CODE_SIGN_IDENTITY[sdk=iphoneos*]" = "iPhone Developer";
				COPY_PHASE_STRIP = YES;
				ENABLE_NS_ASSERTIONS = NO;
				ENABLE_STRICT_OBJC_MSGSEND = YES;
				GCC_C_LANGUAGE_STANDARD = gnu99;
				GCC_WARN_64_TO_32_BIT_CONVERSION = YES;
				GCC_WARN_ABOUT_RETURN_TYPE = YES_ERROR;
				GCC_WARN_UNDECLARED_SELECTOR = YES;
				GCC_WARN_UNINITIALIZED_AUTOS = YES_AGGRESSIVE;
				GCC_WARN_UNUSED_FUNCTION = YES;
				GCC_WARN_UNUSED_VARIABLE = YES;
				IPHONEOS_DEPLOYMENT_TARGET = 8.0;
				MTL_ENABLE_DEBUG_INFO = NO;
				SDKROOT = iphoneos;
				VALIDATE_PRODUCT = YES;
			};
			name = Release;
		};
		885B59291B2251A4001A5A41 /* Debug */ = {
			isa = XCBuildConfiguration;
			buildSettings = {
				ASSETCATALOG_COMPILER_APPICON_NAME = AppIcon;
				INFOPLIST_FILE = Hungrilla/Info.plist;
				LD_RUNPATH_SEARCH_PATHS = "$(inherited) @executable_path/Frameworks";
				PRODUCT_NAME = "$(TARGET_NAME)";
			};
			name = Debug;
		};
		885B592A1B2251A4001A5A41 /* Release */ = {
			isa = XCBuildConfiguration;
			buildSettings = {
				ASSETCATALOG_COMPILER_APPICON_NAME = AppIcon;
				INFOPLIST_FILE = Hungrilla/Info.plist;
				LD_RUNPATH_SEARCH_PATHS = "$(inherited) @executable_path/Frameworks";
				PRODUCT_NAME = "$(TARGET_NAME)";
			};
			name = Release;
		};
		885B592C1B2251A4001A5A41 /* Debug */ = {
			isa = XCBuildConfiguration;
			buildSettings = {
				BUNDLE_LOADER = "$(TEST_HOST)";
				FRAMEWORK_SEARCH_PATHS = (
					"$(SDKROOT)/Developer/Library/Frameworks",
					"$(inherited)",
				);
				GCC_PREPROCESSOR_DEFINITIONS = (
					"DEBUG=1",
					"$(inherited)",
				);
				INFOPLIST_FILE = HungrillaTests/Info.plist;
				LD_RUNPATH_SEARCH_PATHS = "$(inherited) @executable_path/Frameworks @loader_path/Frameworks";
				PRODUCT_NAME = "$(TARGET_NAME)";
				TEST_HOST = "$(BUILT_PRODUCTS_DIR)/Hungrilla.app/Hungrilla";
			};
			name = Debug;
		};
		885B592D1B2251A4001A5A41 /* Release */ = {
			isa = XCBuildConfiguration;
			buildSettings = {
				BUNDLE_LOADER = "$(TEST_HOST)";
				FRAMEWORK_SEARCH_PATHS = (
					"$(SDKROOT)/Developer/Library/Frameworks",
					"$(inherited)",
				);
				INFOPLIST_FILE = HungrillaTests/Info.plist;
				LD_RUNPATH_SEARCH_PATHS = "$(inherited) @executable_path/Frameworks @loader_path/Frameworks";
				PRODUCT_NAME = "$(TARGET_NAME)";
				TEST_HOST = "$(BUILT_PRODUCTS_DIR)/Hungrilla.app/Hungrilla";
			};
			name = Release;
		};
/* End XCBuildConfiguration section */

/* Begin XCConfigurationList section */
		885B59041B2251A4001A5A41 /* Build configuration list for PBXProject "Hungrilla" */ = {
			isa = XCConfigurationList;
			buildConfigurations = (
				885B59261B2251A4001A5A41 /* Debug */,
				885B59271B2251A4001A5A41 /* Release */,
			);
			defaultConfigurationIsVisible = 0;
			defaultConfigurationName = Release;
		};
		885B59281B2251A4001A5A41 /* Build configuration list for PBXNativeTarget "Hungrilla" */ = {
			isa = XCConfigurationList;
			buildConfigurations = (
				885B59291B2251A4001A5A41 /* Debug */,
				885B592A1B2251A4001A5A41 /* Release */,
			);
			defaultConfigurationIsVisible = 0;
		};
		885B592B1B2251A4001A5A41 /* Build configuration list for PBXNativeTarget "HungrillaTests" */ = {
			isa = XCConfigurationList;
			buildConfigurations = (
				885B592C1B2251A4001A5A41 /* Debug */,
				885B592D1B2251A4001A5A41 /* Release */,
			);
			defaultConfigurationIsVisible = 0;
		};
/* End XCConfigurationList section */
	};
	rootObject = 885B59011B2251A4001A5A41 /* Project object */;
}
