PODS:
  - Alamofire (1.3.0)
  - Cosmos (1.0.15)

DEPENDENCIES:
  - Alamofire (~> 1.2)
  - Cosmos (from `https://github.com/exchangegroup/Cosmos.git`, branch `swift-1`)

EXTERNAL SOURCES:
  Cosmos:
    :branch: swift-1
    :git: https://github.com/exchangegroup/Cosmos.git

CHECKOUT OPTIONS:
  Cosmos:
    :commit: 03c9116ff3a053a1a87746f23d0211b5582f4b19
    :git: https://github.com/exchangegroup/Cosmos.git

SPEC CHECKSUMS:
  Alamofire: 220403a8d5840e0b4c946a6fbaf209dbca124282
  Cosmos: 8d06747599c6b7101c8b211c28c2577808455db2

COCOAPODS: 0.37.2
